{
  "originHash" : "d609fac7e200f8ecc3c5d69408cb953742bbc0b160d89f939e337d003e346d20",
  "pins" : [
    {
      "identity" : "swiftui-hosting",
      "kind" : "remoteSourceControl",
      "location" : "https://github.com/ntnmrndn/swiftui-Hosting",
      "state" : {
        "branch" : "antoine/ios_17",
        "revision" : "715106c422cd18f4805af0692bf76a888aa40736"
      }
    }
  ],
  "version" : 3
}
