{
  "pins" : [
    {
      "identity" : "swiftui-hosting",
      "kind" : "remoteSourceControl",
      "location" : "https://github.com/FluidGroup/swiftui-Hosting",
      "state" : {
        "revision" : "da41d5b6298b9e754936c5e114721d9acf4e83cd",
        "version" : "2.0.0"
      }
    }
  ],
  "version" : 2
}
