{
  "pins" : [
    {
      "identity" : "swiftui-hosting",
      "kind" : "remoteSourceControl",
      "location" : "https://github.com/FluidGroup/swiftui-Hosting",
      "state" : {
        "revision" : "7e8eaca72eae910d6d3b6272c263c6c3a10b755c",
        "version" : "1.2.0"
      }
    }
  ],
  "version" : 2
}
